{
  "nodes": {
    "brew-src": {
      "flake": false,
      "locked": {
        "lastModified": 1788591592,
        "narHash": "sha256-NbwVKwKLFl0oXub7oPjvmDaOygCtV2oboeKTu4xXFTk=",
        "owner": "Homebrew",
        "repo": "brew",
        "rev": "08e85c4e42f5d8f1ea17c36cb59cf61c2ccb26c3",
        "type": "github"
      },
      "original": {
        "owner": "Homebrew",
        "ref": "6.0.22",
        "repo": "brew",
        "type": "github"
      }
    },
    "dotfiles": {
      "inputs": {
        "home-manager": "home-manager",
        "nixpkgs": [
          "nixpkgs"
        ]
      },
      "locked": {
        "lastModified": 1789339320,
        "narHash": "sha256-shBjx5EUXpMd49noS8t8ROQM0szi/QV1zttmvwhAr4g=",
        "owner": "miguel250",
        "repo": "dotfiles",
        "rev": "a806b3082c935a3cda31f54d08f37e3c6cbb4e13",
        "type": "github"
      },
      "original": {
        "owner": "miguel250",
        "repo": "dotfiles",
        "type": "github"
      }
    },
    "flake-compat": {
      "flake": false,
      "locked": {
        "lastModified": 1767039857,
        "narHash": "sha256-vNpUSpF5Nuw8xvDLj2KCwwksIbjua2LZCqhV1LNRDns=",
        "owner": "edolstra",
        "repo": "flake-compat",
        "rev": "5edf11c44bc78a0d334f6334cdaf7d60d732daab",
        "type": "github"
      },
      "original": {
        "owner": "edolstra",
        "repo": "flake-compat",
        "type": "github"
      }
    },
    "flake-parts": {
      "inputs": {
        "nixpkgs-lib": [
          "vimrc",
          "neovim-nightly",
          "nixpkgs"
        ]
      },
      "locked": {
        "lastModified": 1788450739,
        "narHash": "sha256-glZLQlzIn1fXH6PazR2iUmTo7kzzyYSshrWhLS9TqCU=",
        "owner": "hercules-ci",
        "repo": "flake-parts",
        "rev": "31729ca8cbdb4fa927b34e5f4353e6a83f39e993",
        "type": "github"
      },
      "original": {
        "owner": "hercules-ci",
        "repo": "flake-parts",
        "type": "github"
      }
    },
    "ghostty": {
      "inputs": {
        "flake-compat": "flake-compat",
        "home-manager": "home-manager_2",
        "nixpkgs": [
          "nixpkgs"
        ],
        "systems": "systems",
        "zig": "zig",
        "zon2nix": "zon2nix"
      },
      "locked": {
        "lastModified": 1789314360,
        "narHash": "sha256-Vaj3+2OdsQlTY61zu77XTBc80eNMHhcEgSF707w4qJ8=",
        "owner": "ghostty-org",
        "repo": "ghostty",
        "rev": "7aab0a0392369613472bd5dcfd66bef58e78c3ec",
        "type": "github"
      },
      "original": {
        "owner": "ghostty-org",
        "repo": "ghostty",
        "type": "github"
      }
    },
    "home-manager": {
      "inputs": {
        "nixpkgs": [
          "dotfiles",
          "nixpkgs"
        ]
      },
      "locked": {
        "lastModified": 1789320570,
        "narHash": "sha256-1Js4AJiWLV7U1SF3ok0J2tKbBEJYE5YpElGU+7fMbfo=",
        "owner": "nix-community",
        "repo": "home-manager",
        "rev": "87b3c74df02a2b2e691a24f3c82774f48a70c1bd",
        "type": "github"
      },
      "original": {
        "owner": "nix-community",
        "repo": "home-manager",
        "type": "github"
      }
    },
    "home-manager_2": {
      "inputs": {
        "nixpkgs": [
          "ghostty",
          "nixpkgs"
        ]
      },
      "locked": {
        "lastModified": 1787661347,
        "narHash": "sha256-THmnBAdAIV+jT348f3r/vyoeb6ilhcVLwVXkBU7Pai8=",
        "owner": "nix-community",
        "repo": "home-manager",
        "rev": "52c3a5881c821ad7367bbde075e52b76cdb378ab",
        "type": "github"
      },
      "original": {
        "owner": "nix-community",
        "repo": "home-manager",
        "type": "github"
      }
    },
    "home-manager_3": {
      "inputs": {
        "nixpkgs": [
          "nixpkgs"
        ]
      },
      "locked": {
        "lastModified": 1789339793,
        "narHash": "sha256-1TGxgma8jQGhw0yfjyndwPhgcoXAYtlSm4ezENVzrPA=",
        "owner": "nix-community",
        "repo": "home-manager",
        "rev": "dd0b74e2b53eb6aa03fe120fcc00a4d37cc288f8",
        "type": "github"
      },
      "original": {
        "owner": "nix-community",
        "repo": "home-manager",
        "type": "github"
      }
    },
    "home-manager_4": {
      "inputs": {
        "nixpkgs": [
          "vimrc",
          "nixpkgs"
        ]
      },
      "locked": {
        "lastModified": 1789320570,
        "narHash": "sha256-1Js4AJiWLV7U1SF3ok0J2tKbBEJYE5YpElGU+7fMbfo=",
        "owner": "nix-community",
        "repo": "home-manager",
        "rev": "87b3c74df02a2b2e691a24f3c82774f48a70c1bd",
        "type": "github"
      },
      "original": {
        "owner": "nix-community",
        "repo": "home-manager",
        "type": "github"
      }
    },
    "homebrew-bundle": {
      "flake": false,
      "locked": {
        "lastModified": 1745335228,
        "narHash": "sha256-TIKR2UgtyUmHLNZp255/vLs+1I10hXe+sciMEbAGFwE=",
        "owner": "homebrew",
        "repo": "homebrew-bundle",
        "rev": "a3265c84b232e13048ecbf6fc18a2eedfadbeb08",
        "type": "github"
      },
      "original": {
        "owner": "homebrew",
        "repo": "homebrew-bundle",
        "type": "github"
      }
    },
    "homebrew-cask": {
      "flake": false,
      "locked": {
        "lastModified": 1789338546,
        "narHash": "sha256-SPUMQl77fi/RZZPpgoNxM19ZCyuq+TtwHyT5ry++K5U=",
        "owner": "homebrew",
        "repo": "homebrew-cask",
        "rev": "4a76607d1677cfa212507d427bbed309d1c2084e",
        "type": "github"
      },
      "original": {
        "owner": "homebrew",
        "repo": "homebrew-cask",
        "type": "github"
      }
    },
    "homebrew-core": {
      "flake": false,
      "locked": {
        "lastModified": 1789342601,
        "narHash": "sha256-TqyEdNbrphORJsv/JHUbDNZCr/IgYdu/Xf6q/7DLz2s=",
        "owner": "homebrew",
        "repo": "homebrew-core",
        "rev": "e3f013089e9d93328a26d9bf19dffb460d03114c",
        "type": "github"
      },
      "original": {
        "owner": "homebrew",
        "repo": "homebrew-core",
        "type": "github"
      }
    },
    "neovim-nightly": {
      "inputs": {
        "flake-parts": "flake-parts",
        "neovim-src": "neovim-src",
        "nixpkgs": [
          "vimrc",
          "nixpkgs"
        ]
      },
      "locked": {
        "lastModified": 1789257758,
        "narHash": "sha256-96Ji3WsTgQZVHtIusNNCWAh0t0Q3rUKKWkcoRy4ft0k=",
        "owner": "nix-community",
        "repo": "neovim-nightly-overlay",
        "rev": "47991b85b6f78a5606b00267c85132306b6cb3a2",
        "type": "github"
      },
      "original": {
        "owner": "nix-community",
        "repo": "neovim-nightly-overlay",
        "type": "github"
      }
    },
    "neovim-src": {
      "flake": false,
      "locked": {
        "lastModified": 1789253430,
        "narHash": "sha256-N7RNlH2n+5Ef9nYQL8/+8e81YNSpi/8DrX48AUkh+Yo=",
        "owner": "neovim",
        "repo": "neovim",
        "rev": "ac36bab805a8ef7d410b57383ca1d6bd20153636",
        "type": "github"
      },
      "original": {
        "owner": "neovim",
        "repo": "neovim",
        "type": "github"
      }
    },
    "nix-darwin": {
      "inputs": {
        "nixpkgs": [
          "nixpkgs"
        ]
      },
      "locked": {
        "lastModified": 1786845137,
        "narHash": "sha256-oQFip+v0luP8NIxJzmiW4Wu8bILsbFWom5l0zonl8hQ=",
        "owner": "LnL7",
        "repo": "nix-darwin",
        "rev": "4cff07de74b50e64bdd68cd4e722ab5b6b35ee48",
        "type": "github"
      },
      "original": {
        "owner": "LnL7",
        "repo": "nix-darwin",
        "type": "github"
      }
    },
    "nix-homebrew": {
      "inputs": {
        "brew-src": "brew-src"
      },
      "locked": {
        "lastModified": 1788981439,
        "narHash": "sha256-fEaFq0XgpgWFPLfpq1UK4/8ylHd2T0+fo6O3hKz1LUM=",
        "owner": "zhaofengli-wip",
        "repo": "nix-homebrew",
        "rev": "09a921d0181146cf6163ec2cc1db7b6fd539a885",
        "type": "github"
      },
      "original": {
        "owner": "zhaofengli-wip",
        "repo": "nix-homebrew",
        "type": "github"
      }
    },
    "nixpkgs": {
      "locked": {
        "lastModified": 1789149629,
        "narHash": "sha256-H6GwaZzZf+4npqv0tph94w9tZddSjFjmQrVsW0z78uk=",
        "owner": "NixOS",
        "repo": "nixpkgs",
        "rev": "eaad089433ca2bb662274377d33df3d0e51ef28b",
        "type": "github"
      },
      "original": {
        "owner": "NixOS",
        "ref": "nixos-unstable",
        "repo": "nixpkgs",
        "type": "github"
      }
    },
    "root": {
      "inputs": {
        "dotfiles": "dotfiles",
        "ghostty": "ghostty",
        "home-manager": "home-manager_3",
        "homebrew-bundle": "homebrew-bundle",
        "homebrew-cask": "homebrew-cask",
        "homebrew-core": "homebrew-core",
        "nix-darwin": "nix-darwin",
        "nix-homebrew": "nix-homebrew",
        "nixpkgs": "nixpkgs",
        "rust-overlay": "rust-overlay",
        "vimrc": "vimrc"
      }
    },
    "rust-overlay": {
      "inputs": {
        "nixpkgs": [
          "nixpkgs"
        ]
      },
      "locked": {
        "lastModified": 1789284144,
        "narHash": "sha256-Slc8gCNYzyuq2f0NIACIYxl55ZeeGcy0SN6LAwixDkY=",
        "owner": "oxalica",
        "repo": "rust-overlay",
        "rev": "9c72e6db1fc10cdb18e5ef01e31c1f4951e197e0",
        "type": "github"
      },
      "original": {
        "owner": "oxalica",
        "repo": "rust-overlay",
        "type": "github"
      }
    },
    "rust-overlay_2": {
      "inputs": {
        "nixpkgs": [
          "vimrc",
          "nixpkgs"
        ]
      },
      "locked": {
        "lastModified": 1789284144,
        "narHash": "sha256-Slc8gCNYzyuq2f0NIACIYxl55ZeeGcy0SN6LAwixDkY=",
        "owner": "oxalica",
        "repo": "rust-overlay",
        "rev": "9c72e6db1fc10cdb18e5ef01e31c1f4951e197e0",
        "type": "github"
      },
      "original": {
        "owner": "oxalica",
        "repo": "rust-overlay",
        "type": "github"
      }
    },
    "systems": {
      "flake": false,
      "locked": {
        "lastModified": 1681028828,
        "narHash": "sha256-Vy1rq5AaRuLzOxct8nz4T6wlgyUR7zLU309k9mBC768=",
        "owner": "nix-systems",
        "repo": "default",
        "rev": "da67096a3b9bf56a91d16901293e51ba5b49a27e",
        "type": "github"
      },
      "original": {
        "owner": "nix-systems",
        "repo": "default",
        "type": "github"
      }
    },
    "vimrc": {
      "inputs": {
        "home-manager": "home-manager_4",
        "neovim-nightly": "neovim-nightly",
        "nixpkgs": [
          "nixpkgs"
        ],
        "rust-overlay": "rust-overlay_2"
      },
      "locked": {
        "lastModified": 1789339435,
        "narHash": "sha256-LTeordRSvY7fN6+kPmyT6AKP0UotRHraWQ5gL75bFq4=",
        "owner": "miguel250",
        "repo": "vimrc",
        "rev": "0a6b90267ea8438d1cda2b5a36911e1219318676",
        "type": "github"
      },
      "original": {
        "owner": "miguel250",
        "repo": "vimrc",
        "type": "github"
      }
    },
    "zig": {
      "inputs": {
        "flake-compat": [
          "ghostty",
          "flake-compat"
        ],
        "nixpkgs": [
          "ghostty",
          "nixpkgs"
        ],
        "systems": [
          "ghostty",
          "systems"
        ]
      },
      "locked": {
        "lastModified": 1787617283,
        "narHash": "sha256-jiM1glpDL5ASrqvcWyacI+c1wZo3g6AUhdo6M09AoiY=",
        "owner": "mitchellh",
        "repo": "zig-overlay",
        "rev": "da55b9fe9260fb3eb1456c3ee6064b8f738e4ba9",
        "type": "github"
      },
      "original": {
        "owner": "mitchellh",
        "repo": "zig-overlay",
        "type": "github"
      }
    },
    "zon2nix": {
      "inputs": {
        "nixpkgs": [
          "ghostty",
          "nixpkgs"
        ]
      },
      "locked": {
        "lastModified": 1784080626,
        "narHash": "sha256-Hvnmnuu0VpHiZl+8z+UkMoxC7JZJvRYBqu2Asb0ZJOE=",
        "owner": "jcollie",
        "repo": "zon2nix",
        "rev": "776b5f6864a607c141d7966421b433fa1657ba9a",
        "type": "github"
      },
      "original": {
        "owner": "jcollie",
        "ref": "main",
        "repo": "zon2nix",
        "type": "github"
      }
    }
  },
  "root": "root",
  "version": 7
}
